PODS:
  - Capacitor (7.2.0):
    - CapacitorCordova
  - CapacitorApp (7.0.1):
    - Capacitor
  - CapacitorAppLauncher (7.0.1):
    - Capacitor
  - CapacitorBrowser (7.0.1):
    - Capacitor
  - CapacitorCordova (7.2.0)
  - CapacitorFilesystem (7.0.1):
    - Capacitor
  - CapacitorKeyboard (7.0.1):
    - Capacitor
  - CapacitorShare (7.0.1):
    - Capacitor
  - CapacitorSplashScreen (7.0.1):
    - Capacitor
  - CapawesomeCapacitorAppReview (7.0.1):
    - Capacitor
  - CapawesomeTeamCapacitorPrinter (7.1.0):
    - Capacitor

DEPENDENCIES:
  - "Capacitor (from `../../node_modules/@capacitor/ios`)"
  - "CapacitorApp (from `../../node_modules/@capacitor/app`)"
  - "CapacitorAppLauncher (from `../../node_modules/@capacitor/app-launcher`)"
  - "CapacitorBrowser (from `../../node_modules/@capacitor/browser`)"
  - "CapacitorCordova (from `../../node_modules/@capacitor/ios`)"
  - "CapacitorFilesystem (from `../../node_modules/@capacitor/filesystem`)"
  - "CapacitorKeyboard (from `../../node_modules/@capacitor/keyboard`)"
  - "CapacitorShare (from `../../node_modules/@capacitor/share`)"
  - "CapacitorSplashScreen (from `../../node_modules/@capacitor/splash-screen`)"
  - "CapawesomeCapacitorAppReview (from `../../node_modules/@capawesome/capacitor-app-review`)"
  - "CapawesomeTeamCapacitorPrinter (from `../../node_modules/@capawesome-team/capacitor-printer`)"

EXTERNAL SOURCES:
  Capacitor:
    :path: "../../node_modules/@capacitor/ios"
  CapacitorApp:
    :path: "../../node_modules/@capacitor/app"
  CapacitorAppLauncher:
    :path: "../../node_modules/@capacitor/app-launcher"
  CapacitorBrowser:
    :path: "../../node_modules/@capacitor/browser"
  CapacitorCordova:
    :path: "../../node_modules/@capacitor/ios"
  CapacitorFilesystem:
    :path: "../../node_modules/@capacitor/filesystem"
  CapacitorKeyboard:
    :path: "../../node_modules/@capacitor/keyboard"
  CapacitorShare:
    :path: "../../node_modules/@capacitor/share"
  CapacitorSplashScreen:
    :path: "../../node_modules/@capacitor/splash-screen"
  CapawesomeCapacitorAppReview:
    :path: "../../node_modules/@capawesome/capacitor-app-review"
  CapawesomeTeamCapacitorPrinter:
    :path: "../../node_modules/@capawesome-team/capacitor-printer"

SPEC CHECKSUMS:
  Capacitor: 03bc7cbdde6a629a8b910a9d7d78c3cc7ed09ea7
  CapacitorApp: febecbb9582cb353aed037e18ec765141f880fe9
  CapacitorAppLauncher: bab4ca931a308252d2bafcb78ca6a364bd1d4c4e
  CapacitorBrowser: 6299776d496e968505464884d565992faa20444a
  CapacitorCordova: 5967b9ba03915ef1d585469d6e31f31dc49be96f
  CapacitorFilesystem: e6261c410436f54908c11f94336c5b58286b1db0
  CapacitorKeyboard: 09fd91dcde4f8a37313e7f11bde553ad1ed52036
  CapacitorShare: e573823f511f260f598d0423c33b1e3d7bbe5fd1
  CapacitorSplashScreen: 1d67815a422a9b61539c94f283c08ed56667c0fc
  CapawesomeCapacitorAppReview: ee9cb9d34e59534efcdb120dbef4d7166421e2ee
  CapawesomeTeamCapacitorPrinter: c2b248fbb8a8c2e5d3345405c3934b965f090889

PODFILE CHECKSUM: b661c5743e8d5709b80abef74e729fc49621a3b7

COCOAPODS: 1.16.2
